
Microsoft Visual Studio Solution File, Format Version 12.00
# Visual Studio Version 16
VisualStudioVersion = 16.0.31515.178
MinimumVisualStudioVersion = 10.0.40219.1
Project("{FAE04EC0-301F-11D3-BF4B-00C04F79EFBC}") = "TorrentBear", "TorrentBear\TorrentBear.csproj", "{FBFE17B1-C8D4-44B5-9026-4D49D44B5F84}"
EndProject
Project("{FAE04EC0-301F-11D3-BF4B-00C04F79EFBC}") = "TorrentBear.Samples", "TorrentBear.Samples\TorrentBear.Samples.csproj", "{220D7BE5-9AD1-4FC3-8C21-A6EF70B506C3}"
EndProject
Global
	GlobalSection(SolutionConfigurationPlatforms) = preSolution
		Debug|Any CPU = Debug|Any CPU
		Release|Any CPU = Release|Any CPU
	EndGlobalSection
	GlobalSection(ProjectConfigurationPlatforms) = postSolution
		{FBFE17B1-C8D4-44B5-9026-4D49D44B5F84}.Debug|Any CPU.ActiveCfg = Debug|Any CPU
		{FBFE17B1-C8D4-44B5-9026-4D49D44B5F84}.Debug|Any CPU.Build.0 = Debug|Any CPU
		{FBFE17B1-C8D4-44B5-9026-4D49D44B5F84}.Release|Any CPU.ActiveCfg = Release|Any CPU
		{FBFE17B1-C8D4-44B5-9026-4D49D44B5F84}.Release|Any CPU.Build.0 = Release|Any CPU
		{220D7BE5-9AD1-4FC3-8C21-A6EF70B506C3}.Debug|Any CPU.ActiveCfg = Debug|Any CPU
		{220D7BE5-9AD1-4FC3-8C21-A6EF70B506C3}.Debug|Any CPU.Build.0 = Debug|Any CPU
		{220D7BE5-9AD1-4FC3-8C21-A6EF70B506C3}.Release|Any CPU.ActiveCfg = Release|Any CPU
		{220D7BE5-9AD1-4FC3-8C21-A6EF70B506C3}.Release|Any CPU.Build.0 = Release|Any CPU
	EndGlobalSection
	GlobalSection(SolutionProperties) = preSolution
		HideSolutionNode = FALSE
	EndGlobalSection
	GlobalSection(ExtensibilityGlobals) = postSolution
		SolutionGuid = {F4547986-03F6-49F8-84A0-78B540DA2644}
	EndGlobalSection
EndGlobal
